
Microsoft Visual Studio Solution File, Format Version 12.00
# Visual Studio Version 17
VisualStudioVersion = 17.0.31903.59
MinimumVisualStudioVersion = 10.0.40219.1
Project("{FAE04EC0-301F-11D3-BF4B-00C04F79EFBC}") = "FlowyEngineApi", "FlowyEngineApi\FlowyEngineApi.csproj", "{6067B096-9832-44E9-91F2-E46C7BA605BE}"
EndProject
Project("{FAE04EC0-301F-11D3-BF4B-00C04F79EFBC}") = "It.Flowy.Engine", "It.Flowy.Engine\It.Flowy.Engine.csproj", "{916656FD-EB8D-4490-A48A-09621DCFA194}"
EndProject
Global
	GlobalSection(SolutionConfigurationPlatforms) = preSolution
		Debug|Any CPU = Debug|Any CPU
		Release|Any CPU = Release|Any CPU
	EndGlobalSection
	GlobalSection(SolutionProperties) = preSolution
		HideSolutionNode = FALSE
	EndGlobalSection
	GlobalSection(ProjectConfigurationPlatforms) = postSolution
		{6067B096-9832-44E9-91F2-E46C7BA605BE}.Debug|Any CPU.ActiveCfg = Debug|Any CPU
		{6067B096-9832-44E9-91F2-E46C7BA605BE}.Debug|Any CPU.Build.0 = Debug|Any CPU
		{6067B096-9832-44E9-91F2-E46C7BA605BE}.Release|Any CPU.ActiveCfg = Release|Any CPU
		{6067B096-9832-44E9-91F2-E46C7BA605BE}.Release|Any CPU.Build.0 = Release|Any CPU
		{916656FD-EB8D-4490-A48A-09621DCFA194}.Debug|Any CPU.ActiveCfg = Debug|Any CPU
		{916656FD-EB8D-4490-A48A-09621DCFA194}.Debug|Any CPU.Build.0 = Debug|Any CPU
		{916656FD-EB8D-4490-A48A-09621DCFA194}.Release|Any CPU.ActiveCfg = Release|Any CPU
		{916656FD-EB8D-4490-A48A-09621DCFA194}.Release|Any CPU.Build.0 = Release|Any CPU
	EndGlobalSection
EndGlobal
